
Microsoft Visual Studio Solution File, Format Version 12.00
# Visual Studio 15
VisualStudioVersion = 15.0.27130.2036
MinimumVisualStudioVersion = 10.0.40219.1
Project("{9A19103F-16F7-4668-BE54-9A1E7A4F7556}") = "CryptoTickerBot.Core", "CryptoTickerBot.Core\CryptoTickerBot.Core.csproj", "{636F1BD4-24ED-419F-89D6-C16E20239E41}"
EndProject
Project("{9A19103F-16F7-4668-BE54-9A1E7A4F7556}") = "CryptoTickerBot.CUI", "CryptoTickerBot.CUI\CryptoTickerBot.CUI.csproj", "{E2755C39-0712-4B2E-A223-A2FDD9F98010}"
EndProject
Project("{9A19103F-16F7-4668-BE54-9A1E7A4F7556}") = "CryptoTickerBot.GoogleSheets", "CryptoTickerBot.GoogleSheets\CryptoTickerBot.GoogleSheets.csproj", "{2FD3EEDE-73F0-41FA-9FD2-20DD4A2B6FA8}"
EndProject
Project("{9A19103F-16F7-4668-BE54-9A1E7A4F7556}") = "CryptoTickerBot.Runner", "CryptoTickerBot.Runner\CryptoTickerBot.Runner.csproj", "{0F5D956C-0152-49A3-BE4B-CB70E7AD5CD2}"
EndProject
Project("{9A19103F-16F7-4668-BE54-9A1E7A4F7556}") = "CryptoTickerBot.Persistence", "CryptoTickerBot.Persistence\CryptoTickerBot.Persistence.csproj", "{F9271D20-4FC2-4F47-AE0E-4F1347099A00}"
EndProject
Project("{FAE04EC0-301F-11D3-BF4B-00C04F79EFBC}") = "CryptoTickerBot.Domain", "CryptoTickerBot.Domain\CryptoTickerBot.Domain.csproj", "{39AA8BD3-1407-468F-933A-47247D9DD2AF}"
EndProject
Global
	GlobalSection(SolutionConfigurationPlatforms) = preSolution
		Debug|Any CPU = Debug|Any CPU
		Release|Any CPU = Release|Any CPU
	EndGlobalSection
	GlobalSection(ProjectConfigurationPlatforms) = postSolution
		{636F1BD4-24ED-419F-89D6-C16E20239E41}.Debug|Any CPU.ActiveCfg = Debug|Any CPU
		{636F1BD4-24ED-419F-89D6-C16E20239E41}.Debug|Any CPU.Build.0 = Debug|Any CPU
		{636F1BD4-24ED-419F-89D6-C16E20239E41}.Release|Any CPU.ActiveCfg = Release|Any CPU
		{636F1BD4-24ED-419F-89D6-C16E20239E41}.Release|Any CPU.Build.0 = Release|Any CPU
		{E2755C39-0712-4B2E-A223-A2FDD9F98010}.Debug|Any CPU.ActiveCfg = Debug|Any CPU
		{E2755C39-0712-4B2E-A223-A2FDD9F98010}.Debug|Any CPU.Build.0 = Debug|Any CPU
		{E2755C39-0712-4B2E-A223-A2FDD9F98010}.Release|Any CPU.ActiveCfg = Release|Any CPU
		{E2755C39-0712-4B2E-A223-A2FDD9F98010}.Release|Any CPU.Build.0 = Release|Any CPU
		{2FD3EEDE-73F0-41FA-9FD2-20DD4A2B6FA8}.Debug|Any CPU.ActiveCfg = Debug|Any CPU
		{2FD3EEDE-73F0-41FA-9FD2-20DD4A2B6FA8}.Debug|Any CPU.Build.0 = Debug|Any CPU
		{2FD3EEDE-73F0-41FA-9FD2-20DD4A2B6FA8}.Release|Any CPU.ActiveCfg = Release|Any CPU
		{2FD3EEDE-73F0-41FA-9FD2-20DD4A2B6FA8}.Release|Any CPU.Build.0 = Release|Any CPU
		{0F5D956C-0152-49A3-BE4B-CB70E7AD5CD2}.Debug|Any CPU.ActiveCfg = Debug|Any CPU
		{0F5D956C-0152-49A3-BE4B-CB70E7AD5CD2}.Debug|Any CPU.Build.0 = Debug|Any CPU
		{0F5D956C-0152-49A3-BE4B-CB70E7AD5CD2}.Release|Any CPU.ActiveCfg = Release|Any CPU
		{0F5D956C-0152-49A3-BE4B-CB70E7AD5CD2}.Release|Any CPU.Build.0 = Release|Any CPU
		{F9271D20-4FC2-4F47-AE0E-4F1347099A00}.Debug|Any CPU.ActiveCfg = Debug|Any CPU
		{F9271D20-4FC2-4F47-AE0E-4F1347099A00}.Debug|Any CPU.Build.0 = Debug|Any CPU
		{F9271D20-4FC2-4F47-AE0E-4F1347099A00}.Release|Any CPU.ActiveCfg = Release|Any CPU
		{F9271D20-4FC2-4F47-AE0E-4F1347099A00}.Release|Any CPU.Build.0 = Release|Any CPU
		{39AA8BD3-1407-468F-933A-47247D9DD2AF}.Debug|Any CPU.ActiveCfg = Debug|Any CPU
		{39AA8BD3-1407-468F-933A-47247D9DD2AF}.Debug|Any CPU.Build.0 = Debug|Any CPU
		{39AA8BD3-1407-468F-933A-47247D9DD2AF}.Release|Any CPU.ActiveCfg = Release|Any CPU
		{39AA8BD3-1407-468F-933A-47247D9DD2AF}.Release|Any CPU.Build.0 = Release|Any CPU
	EndGlobalSection
	GlobalSection(SolutionProperties) = preSolution
		HideSolutionNode = FALSE
	EndGlobalSection
	GlobalSection(ExtensibilityGlobals) = postSolution
		SolutionGuid = {593427D8-9D54-45FC-B073-00EE2D948E88}
	EndGlobalSection
EndGlobal
