
Microsoft Visual Studio Solution File, Format Version 12.00
# Visual Studio Version 16
VisualStudioVersion = 16.0.28407.52
MinimumVisualStudioVersion = 10.0.40219.1
Project("{9A19103F-16F7-4668-BE54-9A1E7A4F7556}") = "CryptoTickerBot.Core", "CryptoTickerBot.Core\CryptoTickerBot.Core.csproj", "{636F1BD4-24ED-419F-89D6-C16E20239E41}"
EndProject
Project("{9A19103F-16F7-4668-BE54-9A1E7A4F7556}") = "CryptoTickerBot.CUI", "CryptoTickerBot.CUI\CryptoTickerBot.CUI.csproj", "{E2755C39-0712-4B2E-A223-A2FDD9F98010}"
EndProject
Project("{9A19103F-16F7-4668-BE54-9A1E7A4F7556}") = "CryptoTickerBot.GoogleSheets", "CryptoTickerBot.GoogleSheets\CryptoTickerBot.GoogleSheets.csproj", "{2FD3EEDE-73F0-41FA-9FD2-20DD4A2B6FA8}"
EndProject
Project("{9A19103F-16F7-4668-BE54-9A1E7A4F7556}") = "CryptoTickerBot.Runner", "CryptoTickerBot.Runner\CryptoTickerBot.Runner.csproj", "{0F5D956C-0152-49A3-BE4B-CB70E7AD5CD2}"
EndProject
Project("{9A19103F-16F7-4668-BE54-9A1E7A4F7556}") = "CryptoTickerBot.Data", "CryptoTickerBot.Data\CryptoTickerBot.Data.csproj", "{39AA8BD3-1407-468F-933A-47247D9DD2AF}"
EndProject
Project("{9A19103F-16F7-4668-BE54-9A1E7A4F7556}") = "CryptoTickerBot.Collections", "CryptoTickerBot.Collections\CryptoTickerBot.Collections.csproj", "{B4BC6565-F6FC-4822-8A2E-CA6B19F973BD}"
EndProject
Project("{9A19103F-16F7-4668-BE54-9A1E7A4F7556}") = "NLog.Targets.Sentry", "NLog.Targets.Sentry\NLog.Targets.Sentry.csproj", "{068616D5-8D60-4930-854A-F6D638D043A1}"
EndProject
Project("{9A19103F-16F7-4668-BE54-9A1E7A4F7556}") = "CryptoTickerBot.Telegram", "CryptoTickerBot.Telegram\CryptoTickerBot.Telegram.csproj", "{E96B160D-64AB-4967-AF6B-9A2A9ED3CC75}"
EndProject
Project("{FAE04EC0-301F-11D3-BF4B-00C04F79EFBC}") = "CryptoTickerBot.Arbitrage", "CryptoTickerBot.Arbitrage\CryptoTickerBot.Arbitrage.csproj", "{A2D33E0F-684E-40DC-AEDD-9622EA801020}"
EndProject
Global
	GlobalSection(SolutionConfigurationPlatforms) = preSolution
		Debug|Any CPU = Debug|Any CPU
		Release|Any CPU = Release|Any CPU
	EndGlobalSection
	GlobalSection(ProjectConfigurationPlatforms) = postSolution
		{636F1BD4-24ED-419F-89D6-C16E20239E41}.Debug|Any CPU.ActiveCfg = Debug|Any CPU
		{636F1BD4-24ED-419F-89D6-C16E20239E41}.Debug|Any CPU.Build.0 = Debug|Any CPU
		{636F1BD4-24ED-419F-89D6-C16E20239E41}.Release|Any CPU.ActiveCfg = Release|Any CPU
		{636F1BD4-24ED-419F-89D6-C16E20239E41}.Release|Any CPU.Build.0 = Release|Any CPU
		{E2755C39-0712-4B2E-A223-A2FDD9F98010}.Debug|Any CPU.ActiveCfg = Debug|Any CPU
		{E2755C39-0712-4B2E-A223-A2FDD9F98010}.Debug|Any CPU.Build.0 = Debug|Any CPU
		{E2755C39-0712-4B2E-A223-A2FDD9F98010}.Release|Any CPU.ActiveCfg = Release|Any CPU
		{E2755C39-0712-4B2E-A223-A2FDD9F98010}.Release|Any CPU.Build.0 = Release|Any CPU
		{2FD3EEDE-73F0-41FA-9FD2-20DD4A2B6FA8}.Debug|Any CPU.ActiveCfg = Debug|Any CPU
		{2FD3EEDE-73F0-41FA-9FD2-20DD4A2B6FA8}.Debug|Any CPU.Build.0 = Debug|Any CPU
		{2FD3EEDE-73F0-41FA-9FD2-20DD4A2B6FA8}.Release|Any CPU.ActiveCfg = Release|Any CPU
		{2FD3EEDE-73F0-41FA-9FD2-20DD4A2B6FA8}.Release|Any CPU.Build.0 = Release|Any CPU
		{0F5D956C-0152-49A3-BE4B-CB70E7AD5CD2}.Debug|Any CPU.ActiveCfg = Debug|Any CPU
		{0F5D956C-0152-49A3-BE4B-CB70E7AD5CD2}.Debug|Any CPU.Build.0 = Debug|Any CPU
		{0F5D956C-0152-49A3-BE4B-CB70E7AD5CD2}.Release|Any CPU.ActiveCfg = Release|Any CPU
		{0F5D956C-0152-49A3-BE4B-CB70E7AD5CD2}.Release|Any CPU.Build.0 = Release|Any CPU
		{39AA8BD3-1407-468F-933A-47247D9DD2AF}.Debug|Any CPU.ActiveCfg = Debug|Any CPU
		{39AA8BD3-1407-468F-933A-47247D9DD2AF}.Debug|Any CPU.Build.0 = Debug|Any CPU
		{39AA8BD3-1407-468F-933A-47247D9DD2AF}.Release|Any CPU.ActiveCfg = Release|Any CPU
		{39AA8BD3-1407-468F-933A-47247D9DD2AF}.Release|Any CPU.Build.0 = Release|Any CPU
		{B4BC6565-F6FC-4822-8A2E-CA6B19F973BD}.Debug|Any CPU.ActiveCfg = Debug|Any CPU
		{B4BC6565-F6FC-4822-8A2E-CA6B19F973BD}.Debug|Any CPU.Build.0 = Debug|Any CPU
		{B4BC6565-F6FC-4822-8A2E-CA6B19F973BD}.Release|Any CPU.ActiveCfg = Release|Any CPU
		{B4BC6565-F6FC-4822-8A2E-CA6B19F973BD}.Release|Any CPU.Build.0 = Release|Any CPU
		{068616D5-8D60-4930-854A-F6D638D043A1}.Debug|Any CPU.ActiveCfg = Debug|Any CPU
		{068616D5-8D60-4930-854A-F6D638D043A1}.Debug|Any CPU.Build.0 = Debug|Any CPU
		{068616D5-8D60-4930-854A-F6D638D043A1}.Release|Any CPU.ActiveCfg = Release|Any CPU
		{068616D5-8D60-4930-854A-F6D638D043A1}.Release|Any CPU.Build.0 = Release|Any CPU
		{E96B160D-64AB-4967-AF6B-9A2A9ED3CC75}.Debug|Any CPU.ActiveCfg = Debug|Any CPU
		{E96B160D-64AB-4967-AF6B-9A2A9ED3CC75}.Debug|Any CPU.Build.0 = Debug|Any CPU
		{E96B160D-64AB-4967-AF6B-9A2A9ED3CC75}.Release|Any CPU.ActiveCfg = Release|Any CPU
		{E96B160D-64AB-4967-AF6B-9A2A9ED3CC75}.Release|Any CPU.Build.0 = Release|Any CPU
		{A2D33E0F-684E-40DC-AEDD-9622EA801020}.Debug|Any CPU.ActiveCfg = Debug|Any CPU
		{A2D33E0F-684E-40DC-AEDD-9622EA801020}.Debug|Any CPU.Build.0 = Debug|Any CPU
		{A2D33E0F-684E-40DC-AEDD-9622EA801020}.Release|Any CPU.ActiveCfg = Release|Any CPU
		{A2D33E0F-684E-40DC-AEDD-9622EA801020}.Release|Any CPU.Build.0 = Release|Any CPU
	EndGlobalSection
	GlobalSection(SolutionProperties) = preSolution
		HideSolutionNode = FALSE
	EndGlobalSection
	GlobalSection(ExtensibilityGlobals) = postSolution
		SolutionGuid = {593427D8-9D54-45FC-B073-00EE2D948E88}
	EndGlobalSection
EndGlobal
